
Microsoft Visual Studio Solution File, Format Version 12.00
# Visual Studio Version 17
VisualStudioVersion = 17.9.34728.123
MinimumVisualStudioVersion = 10.0.40219.1
Project("{FAE04EC0-301F-11D3-BF4B-00C04F79EFBC}") = "BugRod.Ui", "BugRod.Ui\BugRod.Ui.csproj", "{94BD5B18-350E-47F3-AA23-2A575E13A1E0}"
EndProject
Project("{FAE04EC0-301F-11D3-BF4B-00C04F79EFBC}") = "BugRod.Lib", "BugRod.Lib\BugRod.Lib.csproj", "{6FCC6CD0-6FCA-4A22-9077-74F9472ED187}"
EndProject
Project("{FAE04EC0-301F-11D3-BF4B-00C04F79EFBC}") = "BugRod.Test", "..\BugRod.Test\BugRod.Test.csproj", "{5DB11E22-9DF1-43C9-83D6-99F96A79A08C}"
EndProject
Global
	GlobalSection(SolutionConfigurationPlatforms) = preSolution
		Debug|Any CPU = Debug|Any CPU
		Release|Any CPU = Release|Any CPU
	EndGlobalSection
	GlobalSection(ProjectConfigurationPlatforms) = postSolution
		{94BD5B18-350E-47F3-AA23-2A575E13A1E0}.Debug|Any CPU.ActiveCfg = Debug|Any CPU
		{94BD5B18-350E-47F3-AA23-2A575E13A1E0}.Debug|Any CPU.Build.0 = Debug|Any CPU
		{94BD5B18-350E-47F3-AA23-2A575E13A1E0}.Debug|Any CPU.Deploy.0 = Debug|Any CPU
		{94BD5B18-350E-47F3-AA23-2A575E13A1E0}.Release|Any CPU.ActiveCfg = Release|Any CPU
		{94BD5B18-350E-47F3-AA23-2A575E13A1E0}.Release|Any CPU.Build.0 = Release|Any CPU
		{94BD5B18-350E-47F3-AA23-2A575E13A1E0}.Release|Any CPU.Deploy.0 = Release|Any CPU
		{6FCC6CD0-6FCA-4A22-9077-74F9472ED187}.Debug|Any CPU.ActiveCfg = Debug|Any CPU
		{6FCC6CD0-6FCA-4A22-9077-74F9472ED187}.Debug|Any CPU.Build.0 = Debug|Any CPU
		{6FCC6CD0-6FCA-4A22-9077-74F9472ED187}.Release|Any CPU.ActiveCfg = Release|Any CPU
		{6FCC6CD0-6FCA-4A22-9077-74F9472ED187}.Release|Any CPU.Build.0 = Release|Any CPU
		{5DB11E22-9DF1-43C9-83D6-99F96A79A08C}.Debug|Any CPU.ActiveCfg = Debug|Any CPU
		{5DB11E22-9DF1-43C9-83D6-99F96A79A08C}.Debug|Any CPU.Build.0 = Debug|Any CPU
		{5DB11E22-9DF1-43C9-83D6-99F96A79A08C}.Release|Any CPU.ActiveCfg = Release|Any CPU
		{5DB11E22-9DF1-43C9-83D6-99F96A79A08C}.Release|Any CPU.Build.0 = Release|Any CPU
	EndGlobalSection
	GlobalSection(SolutionProperties) = preSolution
		HideSolutionNode = FALSE
	EndGlobalSection
	GlobalSection(ExtensibilityGlobals) = postSolution
		SolutionGuid = {66ADB2BA-8D12-4FD0-AF15-3958C7DAC262}
	EndGlobalSection
EndGlobal
